
Microsoft Visual Studio Solution File, Format Version 12.00
# Visual Studio Version 16
VisualStudioVersion = 16.0.29025.244
MinimumVisualStudioVersion = 10.0.40219.1
Project("{FAE04EC0-301F-11D3-BF4B-00C04F79EFBC}") = "sistemaTiendaAbarrotes", "sistemaTiendaAbarrotes\sistemaTiendaAbarrotes.csproj", "{532777C0-C4A6-4AB4-956F-CBF8ED2BEE8A}"
EndProject
Global
	GlobalSection(SolutionConfigurationPlatforms) = preSolution
		Debug|Any CPU = Debug|Any CPU
		Release|Any CPU = Release|Any CPU
	EndGlobalSection
	GlobalSection(ProjectConfigurationPlatforms) = postSolution
		{532777C0-C4A6-4AB4-956F-CBF8ED2BEE8A}.Debug|Any CPU.ActiveCfg = Debug|Any CPU
		{532777C0-C4A6-4AB4-956F-CBF8ED2BEE8A}.Debug|Any CPU.Build.0 = Debug|Any CPU
		{532777C0-C4A6-4AB4-956F-CBF8ED2BEE8A}.Release|Any CPU.ActiveCfg = Release|Any CPU
		{532777C0-C4A6-4AB4-956F-CBF8ED2BEE8A}.Release|Any CPU.Build.0 = Release|Any CPU
	EndGlobalSection
	GlobalSection(SolutionProperties) = preSolution
		HideSolutionNode = FALSE
	EndGlobalSection
	GlobalSection(ExtensibilityGlobals) = postSolution
		SolutionGuid = {713C9F3A-3025-4B32-BDBB-B7725DE08F73}
	EndGlobalSection
EndGlobal
